
Microsoft Visual Studio Solution File, Format Version 12.00
# Visual Studio Version 16
VisualStudioVersion = 16.0.30907.101
MinimumVisualStudioVersion = 10.0.40219.1
Project("{9A19103F-16F7-4668-BE54-9A1E7A4F7556}") = "RookieAssignment.Backend", "RookieAssignment.Backend\RookieAssignment.Backend.csproj", "{CC4BB854-4DE0-49A8-AA15-7D65532675C6}"
EndProject
Project("{FAE04EC0-301F-11D3-BF4B-00C04F79EFBC}") = "RookieAssignment.Shared", "RookieAssignment.Shared\RookieAssignment.Shared.csproj", "{F92ECAB1-BDA0-4976-8E75-9269B037D742}"
EndProject
Project("{FAE04EC0-301F-11D3-BF4B-00C04F79EFBC}") = "RookieAssignment.CustomerSite", "RookieAssignment.CustomerSite\RookieAssignment.CustomerSite.csproj", "{F6D250DC-E9C9-4C7F-8299-8BFF7ACC6DB0}"
EndProject
Global
	GlobalSection(SolutionConfigurationPlatforms) = preSolution
		Debug|Any CPU = Debug|Any CPU
		Release|Any CPU = Release|Any CPU
	EndGlobalSection
	GlobalSection(ProjectConfigurationPlatforms) = postSolution
		{CC4BB854-4DE0-49A8-AA15-7D65532675C6}.Debug|Any CPU.ActiveCfg = Debug|Any CPU
		{CC4BB854-4DE0-49A8-AA15-7D65532675C6}.Debug|Any CPU.Build.0 = Debug|Any CPU
		{CC4BB854-4DE0-49A8-AA15-7D65532675C6}.Release|Any CPU.ActiveCfg = Release|Any CPU
		{CC4BB854-4DE0-49A8-AA15-7D65532675C6}.Release|Any CPU.Build.0 = Release|Any CPU
		{F92ECAB1-BDA0-4976-8E75-9269B037D742}.Debug|Any CPU.ActiveCfg = Debug|Any CPU
		{F92ECAB1-BDA0-4976-8E75-9269B037D742}.Debug|Any CPU.Build.0 = Debug|Any CPU
		{F92ECAB1-BDA0-4976-8E75-9269B037D742}.Release|Any CPU.ActiveCfg = Release|Any CPU
		{F92ECAB1-BDA0-4976-8E75-9269B037D742}.Release|Any CPU.Build.0 = Release|Any CPU
		{F6D250DC-E9C9-4C7F-8299-8BFF7ACC6DB0}.Debug|Any CPU.ActiveCfg = Debug|Any CPU
		{F6D250DC-E9C9-4C7F-8299-8BFF7ACC6DB0}.Debug|Any CPU.Build.0 = Debug|Any CPU
		{F6D250DC-E9C9-4C7F-8299-8BFF7ACC6DB0}.Release|Any CPU.ActiveCfg = Release|Any CPU
		{F6D250DC-E9C9-4C7F-8299-8BFF7ACC6DB0}.Release|Any CPU.Build.0 = Release|Any CPU
	EndGlobalSection
	GlobalSection(SolutionProperties) = preSolution
		HideSolutionNode = FALSE
	EndGlobalSection
	GlobalSection(ExtensibilityGlobals) = postSolution
		SolutionGuid = {F6EEF21E-8F71-493F-93D5-0276CD483F75}
	EndGlobalSection
EndGlobal
